
Microsoft Visual Studio Solution File, Format Version 12.00
# Visual Studio 15
VisualStudioVersion = 15.0.26430.6
MinimumVisualStudioVersion = 10.0.40219.1
Project("{FAE04EC0-301F-11D3-BF4B-00C04F79EFBC}") = "01. Sort Even Numbers", "01. Sort Even Numbers\01. Sort Even Numbers.csproj", "{E7FB89BA-9451-4BEB-9D57-5CEADA09D5EE}"
EndProject
Project("{FAE04EC0-301F-11D3-BF4B-00C04F79EFBC}") = "02. SumNumbers", "02. SumNumbers\02. SumNumbers.csproj", "{7B33BEC5-E38A-4EC3-B01F-F4CFB14C1B38}"
EndProject
Project("{FAE04EC0-301F-11D3-BF4B-00C04F79EFBC}") = "03. Count Uppercase Words", "03. Count Uppercase Words\03. Count Uppercase Words.csproj", "{F06EA84A-A508-416F-B75E-8AA172ED9A4B}"
EndProject
Project("{FAE04EC0-301F-11D3-BF4B-00C04F79EFBC}") = "04. Add Vat", "04. Add Vat\04. Add Vat.csproj", "{5089613F-8729-4DAE-8ECE-46B203D1110C}"
EndProject
Project("{FAE04EC0-301F-11D3-BF4B-00C04F79EFBC}") = "05. Filter By Age", "05. Filter By Age\05. Filter By Age.csproj", "{C961DEE0-9C9C-4B09-B9F8-552F5552F26F}"
EndProject
Global
	GlobalSection(SolutionConfigurationPlatforms) = preSolution
		Debug|Any CPU = Debug|Any CPU
		Release|Any CPU = Release|Any CPU
	EndGlobalSection
	GlobalSection(ProjectConfigurationPlatforms) = postSolution
		{E7FB89BA-9451-4BEB-9D57-5CEADA09D5EE}.Debug|Any CPU.ActiveCfg = Debug|Any CPU
		{E7FB89BA-9451-4BEB-9D57-5CEADA09D5EE}.Debug|Any CPU.Build.0 = Debug|Any CPU
		{E7FB89BA-9451-4BEB-9D57-5CEADA09D5EE}.Release|Any CPU.ActiveCfg = Release|Any CPU
		{E7FB89BA-9451-4BEB-9D57-5CEADA09D5EE}.Release|Any CPU.Build.0 = Release|Any CPU
		{7B33BEC5-E38A-4EC3-B01F-F4CFB14C1B38}.Debug|Any CPU.ActiveCfg = Debug|Any CPU
		{7B33BEC5-E38A-4EC3-B01F-F4CFB14C1B38}.Debug|Any CPU.Build.0 = Debug|Any CPU
		{7B33BEC5-E38A-4EC3-B01F-F4CFB14C1B38}.Release|Any CPU.ActiveCfg = Release|Any CPU
		{7B33BEC5-E38A-4EC3-B01F-F4CFB14C1B38}.Release|Any CPU.Build.0 = Release|Any CPU
		{F06EA84A-A508-416F-B75E-8AA172ED9A4B}.Debug|Any CPU.ActiveCfg = Debug|Any CPU
		{F06EA84A-A508-416F-B75E-8AA172ED9A4B}.Debug|Any CPU.Build.0 = Debug|Any CPU
		{F06EA84A-A508-416F-B75E-8AA172ED9A4B}.Release|Any CPU.ActiveCfg = Release|Any CPU
		{F06EA84A-A508-416F-B75E-8AA172ED9A4B}.Release|Any CPU.Build.0 = Release|Any CPU
		{5089613F-8729-4DAE-8ECE-46B203D1110C}.Debug|Any CPU.ActiveCfg = Debug|Any CPU
		{5089613F-8729-4DAE-8ECE-46B203D1110C}.Debug|Any CPU.Build.0 = Debug|Any CPU
		{5089613F-8729-4DAE-8ECE-46B203D1110C}.Release|Any CPU.ActiveCfg = Release|Any CPU
		{5089613F-8729-4DAE-8ECE-46B203D1110C}.Release|Any CPU.Build.0 = Release|Any CPU
		{C961DEE0-9C9C-4B09-B9F8-552F5552F26F}.Debug|Any CPU.ActiveCfg = Debug|Any CPU
		{C961DEE0-9C9C-4B09-B9F8-552F5552F26F}.Debug|Any CPU.Build.0 = Debug|Any CPU
		{C961DEE0-9C9C-4B09-B9F8-552F5552F26F}.Release|Any CPU.ActiveCfg = Release|Any CPU
		{C961DEE0-9C9C-4B09-B9F8-552F5552F26F}.Release|Any CPU.Build.0 = Release|Any CPU
	EndGlobalSection
	GlobalSection(SolutionProperties) = preSolution
		HideSolutionNode = FALSE
	EndGlobalSection
EndGlobal
