
Microsoft Visual Studio Solution File, Format Version 12.00
# Visual Studio 15
VisualStudioVersion = 15.0.26430.6
MinimumVisualStudioVersion = 10.0.40219.1
Project("{FAE04EC0-301F-11D3-BF4B-00C04F79EFBC}") = "01. Math Operation", "01. Math Operation\01. Math Operation.csproj", "{B924937D-497B-44DE-8D8C-AB90E11616A5}"
EndProject
Project("{FAE04EC0-301F-11D3-BF4B-00C04F79EFBC}") = "02. Animals", "02. Animals\02. Animals.csproj", "{503D048F-8927-40E4-8358-E393B7B57DA2}"
EndProject
Project("{FAE04EC0-301F-11D3-BF4B-00C04F79EFBC}") = "03. Shapes", "03. Shapes\03. Shapes.csproj", "{0560E7E5-3F94-4D8D-B993-1328F7A46F72}"
EndProject
Global
	GlobalSection(SolutionConfigurationPlatforms) = preSolution
		Debug|Any CPU = Debug|Any CPU
		Release|Any CPU = Release|Any CPU
	EndGlobalSection
	GlobalSection(ProjectConfigurationPlatforms) = postSolution
		{B924937D-497B-44DE-8D8C-AB90E11616A5}.Debug|Any CPU.ActiveCfg = Debug|Any CPU
		{B924937D-497B-44DE-8D8C-AB90E11616A5}.Debug|Any CPU.Build.0 = Debug|Any CPU
		{B924937D-497B-44DE-8D8C-AB90E11616A5}.Release|Any CPU.ActiveCfg = Release|Any CPU
		{B924937D-497B-44DE-8D8C-AB90E11616A5}.Release|Any CPU.Build.0 = Release|Any CPU
		{503D048F-8927-40E4-8358-E393B7B57DA2}.Debug|Any CPU.ActiveCfg = Debug|Any CPU
		{503D048F-8927-40E4-8358-E393B7B57DA2}.Debug|Any CPU.Build.0 = Debug|Any CPU
		{503D048F-8927-40E4-8358-E393B7B57DA2}.Release|Any CPU.ActiveCfg = Release|Any CPU
		{503D048F-8927-40E4-8358-E393B7B57DA2}.Release|Any CPU.Build.0 = Release|Any CPU
		{0560E7E5-3F94-4D8D-B993-1328F7A46F72}.Debug|Any CPU.ActiveCfg = Debug|Any CPU
		{0560E7E5-3F94-4D8D-B993-1328F7A46F72}.Debug|Any CPU.Build.0 = Debug|Any CPU
		{0560E7E5-3F94-4D8D-B993-1328F7A46F72}.Release|Any CPU.ActiveCfg = Release|Any CPU
		{0560E7E5-3F94-4D8D-B993-1328F7A46F72}.Release|Any CPU.Build.0 = Release|Any CPU
	EndGlobalSection
	GlobalSection(SolutionProperties) = preSolution
		HideSolutionNode = FALSE
	EndGlobalSection
EndGlobal
