
Microsoft Visual Studio Solution File, Format Version 12.00
# Visual Studio 15
VisualStudioVersion = 15.0.26430.6
MinimumVisualStudioVersion = 10.0.40219.1
Project("{FAE04EC0-301F-11D3-BF4B-00C04F79EFBC}") = "01. Box", "01. Box\01. Box.csproj", "{063C4500-9475-461A-A24B-B109A875B82D}"
EndProject
Project("{FAE04EC0-301F-11D3-BF4B-00C04F79EFBC}") = "02. Array Creator", "02. Array Creator\02. Array Creator.csproj", "{3E6D90FE-C31E-489F-8FDF-29AFF9A0B028}"
EndProject
Project("{FAE04EC0-301F-11D3-BF4B-00C04F79EFBC}") = "03. Scale", "03. Scale\03. Scale.csproj", "{CE411D59-A233-482F-915F-5CE838183543}"
EndProject
Global
	GlobalSection(SolutionConfigurationPlatforms) = preSolution
		Debug|Any CPU = Debug|Any CPU
		Release|Any CPU = Release|Any CPU
	EndGlobalSection
	GlobalSection(ProjectConfigurationPlatforms) = postSolution
		{063C4500-9475-461A-A24B-B109A875B82D}.Debug|Any CPU.ActiveCfg = Debug|Any CPU
		{063C4500-9475-461A-A24B-B109A875B82D}.Debug|Any CPU.Build.0 = Debug|Any CPU
		{063C4500-9475-461A-A24B-B109A875B82D}.Release|Any CPU.ActiveCfg = Release|Any CPU
		{063C4500-9475-461A-A24B-B109A875B82D}.Release|Any CPU.Build.0 = Release|Any CPU
		{3E6D90FE-C31E-489F-8FDF-29AFF9A0B028}.Debug|Any CPU.ActiveCfg = Debug|Any CPU
		{3E6D90FE-C31E-489F-8FDF-29AFF9A0B028}.Debug|Any CPU.Build.0 = Debug|Any CPU
		{3E6D90FE-C31E-489F-8FDF-29AFF9A0B028}.Release|Any CPU.ActiveCfg = Release|Any CPU
		{3E6D90FE-C31E-489F-8FDF-29AFF9A0B028}.Release|Any CPU.Build.0 = Release|Any CPU
		{CE411D59-A233-482F-915F-5CE838183543}.Debug|Any CPU.ActiveCfg = Debug|Any CPU
		{CE411D59-A233-482F-915F-5CE838183543}.Debug|Any CPU.Build.0 = Debug|Any CPU
		{CE411D59-A233-482F-915F-5CE838183543}.Release|Any CPU.ActiveCfg = Release|Any CPU
		{CE411D59-A233-482F-915F-5CE838183543}.Release|Any CPU.Build.0 = Release|Any CPU
	EndGlobalSection
	GlobalSection(SolutionProperties) = preSolution
		HideSolutionNode = FALSE
	EndGlobalSection
EndGlobal
