
Microsoft Visual Studio Solution File, Format Version 12.00
# Visual Studio 15
VisualStudioVersion = 15.0.26430.6
MinimumVisualStudioVersion = 10.0.40219.1
Project("{FAE04EC0-301F-11D3-BF4B-00C04F79EFBC}") = "Problem 01. Card Suit", "Problem 01. Card Suit\Problem 01. Card Suit.csproj", "{0E0219C0-8183-4CBD-B871-C5F6D0A7117F}"
EndProject
Project("{FAE04EC0-301F-11D3-BF4B-00C04F79EFBC}") = "Problem 02. Traffic Lights", "Problem 02. Traffic Lights\Problem 02. Traffic Lights.csproj", "{D282B692-8E9F-4159-80FC-08259BFB3C14}"
EndProject
Global
	GlobalSection(SolutionConfigurationPlatforms) = preSolution
		Debug|Any CPU = Debug|Any CPU
		Release|Any CPU = Release|Any CPU
	EndGlobalSection
	GlobalSection(ProjectConfigurationPlatforms) = postSolution
		{0E0219C0-8183-4CBD-B871-C5F6D0A7117F}.Debug|Any CPU.ActiveCfg = Debug|Any CPU
		{0E0219C0-8183-4CBD-B871-C5F6D0A7117F}.Debug|Any CPU.Build.0 = Debug|Any CPU
		{0E0219C0-8183-4CBD-B871-C5F6D0A7117F}.Release|Any CPU.ActiveCfg = Release|Any CPU
		{0E0219C0-8183-4CBD-B871-C5F6D0A7117F}.Release|Any CPU.Build.0 = Release|Any CPU
		{D282B692-8E9F-4159-80FC-08259BFB3C14}.Debug|Any CPU.ActiveCfg = Debug|Any CPU
		{D282B692-8E9F-4159-80FC-08259BFB3C14}.Debug|Any CPU.Build.0 = Debug|Any CPU
		{D282B692-8E9F-4159-80FC-08259BFB3C14}.Release|Any CPU.ActiveCfg = Release|Any CPU
		{D282B692-8E9F-4159-80FC-08259BFB3C14}.Release|Any CPU.Build.0 = Release|Any CPU
	EndGlobalSection
	GlobalSection(SolutionProperties) = preSolution
		HideSolutionNode = FALSE
	EndGlobalSection
EndGlobal
